
Microsoft Visual Studio Solution File, Format Version 11.00
# Visual Studio 2010
Project("{FAE04EC0-301F-11D3-BF4B-00C04F79EFBC}") = "Assembly-CSharp", "Assembly-CSharp.csproj", "{9B7C656C-830C-0CFC-E53B-B828D7722102}"
EndProject
Project("{FAE04EC0-301F-11D3-BF4B-00C04F79EFBC}") = "Assembly-CSharp-Editor", "Assembly-CSharp-Editor.csproj", "{AAFC4B48-04B7-08AF-D5E6-91ABE5B81EDA}"
EndProject
Global
	GlobalSection(SolutionConfigurationPlatforms) = preSolution
		Debug|Any CPU = Debug|Any CPU
		Release|Any CPU = Release|Any CPU
	EndGlobalSection
	GlobalSection(ProjectConfigurationPlatforms) = postSolution
		{9B7C656C-830C-0CFC-E53B-B828D7722102}.Debug|Any CPU.ActiveCfg = Debug|Any CPU
		{9B7C656C-830C-0CFC-E53B-B828D7722102}.Debug|Any CPU.Build.0 = Debug|Any CPU
		{9B7C656C-830C-0CFC-E53B-B828D7722102}.Release|Any CPU.ActiveCfg = Release|Any CPU
		{9B7C656C-830C-0CFC-E53B-B828D7722102}.Release|Any CPU.Build.0 = Release|Any CPU
		{AAFC4B48-04B7-08AF-D5E6-91ABE5B81EDA}.Debug|Any CPU.ActiveCfg = Debug|Any CPU
		{AAFC4B48-04B7-08AF-D5E6-91ABE5B81EDA}.Debug|Any CPU.Build.0 = Debug|Any CPU
		{AAFC4B48-04B7-08AF-D5E6-91ABE5B81EDA}.Release|Any CPU.ActiveCfg = Release|Any CPU
		{AAFC4B48-04B7-08AF-D5E6-91ABE5B81EDA}.Release|Any CPU.Build.0 = Release|Any CPU
	EndGlobalSection
	GlobalSection(SolutionProperties) = preSolution
		HideSolutionNode = FALSE
	EndGlobalSection
EndGlobal
